Microsoft Visual Studio Solution File, Format Version 10.00
# Visual Studio 2008
Project("{8BC9CEB8-8B4A-11D0-8D11-00A0C91BC942}") = "SimpleServiceProviderComp", "SimpleServiceProviderComp_vc9.vcproj", "{859FDFF1-422B-47AD-B5FB-E79BFDD0757B}"
	ProjectSection(ProjectDependencies) = postProject
	EndProjectSection
EndProject
Project("{8BC9CEB8-8B4A-11D0-8D11-00A0C91BC942}") = "SimpleServiceProvider", "SimpleServiceProvider_vc9.vcproj", "{C5F83777-AF68-4C36-966E-F6E35ACA73E9}"
	ProjectSection(ProjectDependencies) = postProject
	EndProjectSection
EndProject
Global
	GlobalSection(SolutionConfigurationPlatforms) = preSolution
		Release|Win32 = Release|Win32
		Debug|Win32 = Debug|Win32
	EndGlobalSection
	GlobalSection(ProjectConfigurationPlatforms) = postSolution
		{859FDFF1-422B-47AD-B5FB-E79BFDD0757B}.Release|Win32.ActiveCfg = Release|Win32
		{859FDFF1-422B-47AD-B5FB-E79BFDD0757B}.Release|Win32.Build.0   = Release|Win32
		{859FDFF1-422B-47AD-B5FB-E79BFDD0757B}.Debug|Win32.ActiveCfg = Debug|Win32
		{859FDFF1-422B-47AD-B5FB-E79BFDD0757B}.Debug|Win32.Build.0   = Debug|Win32
		{C5F83777-AF68-4C36-966E-F6E35ACA73E9}.Release|Win32.ActiveCfg = Release|Win32
		{C5F83777-AF68-4C36-966E-F6E35ACA73E9}.Release|Win32.Build.0   = Release|Win32
		{C5F83777-AF68-4C36-966E-F6E35ACA73E9}.Debug|Win32.ActiveCfg = Debug|Win32
		{C5F83777-AF68-4C36-966E-F6E35ACA73E9}.Debug|Win32.Build.0   = Debug|Win32
	EndGlobalSection
	GlobalSection(SolutionProperties) = preSolution
		HideSolutionNode = FALSE
	EndGlobalSection
EndGlobal
